// !$*UTF8*$!
{
	archiveVersion = 1;
	classes = {
	};
	objectVersion = 50;
	objects = {

/* Begin PBXBuildFile section */
		155D2A33469FFD7DCEBD9713 /* Pods_Appub.framework in Frameworks */ = {isa = PBXBuildFile; fileRef = 5548DCAD7D29363C358BE071 /* Pods_Appub.framework */; };
		426367C3215AB17800879143 /* BeerGatewayTests.swift in Sources */ = {isa = PBXBuildFile; fileRef = 426367C2215AB17800879143 /* BeerGatewayTests.swift */; };
		426367C6215AB46400879143 /* TestHelper.swift in Sources */ = {isa = PBXBuildFile; fileRef = 426367C5215AB46400879143 /* TestHelper.swift */; };
		426367C8215AB56E00879143 /* beer.json in Resources */ = {isa = PBXBuildFile; fileRef = 426367C7215AB56E00879143 /* beer.json */; };
		544E4D347B58F1A23B725D8C /* Pods_AppubUnitTests.framework in Frameworks */ = {isa = PBXBuildFile; fileRef = B20DA3279CBE1559462CF4E4 /* Pods_AppubUnitTests.framework */; };
		E206F3DC215B08CB002F5F61 /* ServiceMock.swift in Sources */ = {isa = PBXBuildFile; fileRef = E206F3DB215B08CB002F5F61 /* ServiceMock.swift */; };
		E229B163215F04F20036422E /* BeerDetailViewModel.swift in Sources */ = {isa = PBXBuildFile; fileRef = E229B162215F04F20036422E /* BeerDetailViewModel.swift */; };
		E229B165215F06B50036422E /* BeerCollectionViewModel.swift in Sources */ = {isa = PBXBuildFile; fileRef = E229B164215F06B50036422E /* BeerCollectionViewModel.swift */; };
		E229B168215F0A000036422E /* ConfigurableCell.swift in Sources */ = {isa = PBXBuildFile; fileRef = E229B167215F0A000036422E /* ConfigurableCell.swift */; };
		E229B16A215F0A360036422E /* ReusableCell.swift in Sources */ = {isa = PBXBuildFile; fileRef = E229B169215F0A360036422E /* ReusableCell.swift */; };
		E229B16C215F0A830036422E /* CollectionDataProvider.swift in Sources */ = {isa = PBXBuildFile; fileRef = E229B16B215F0A830036422E /* CollectionDataProvider.swift */; };
		E229B16E215F0ABA0036422E /* CollectionDataSource.swift in Sources */ = {isa = PBXBuildFile; fileRef = E229B16D215F0ABA0036422E /* CollectionDataSource.swift */; };
		E229B170215F0D3A0036422E /* ArrayDataProvider.swift in Sources */ = {isa = PBXBuildFile; fileRef = E229B16F215F0D3A0036422E /* ArrayDataProvider.swift */; };
		E229B172215F0D9A0036422E /* CollectionArrayDataSource.swift in Sources */ = {isa = PBXBuildFile; fileRef = E229B171215F0D9A0036422E /* CollectionArrayDataSource.swift */; };
		E229B174215F0E1D0036422E /* BeersDataSource.swift in Sources */ = {isa = PBXBuildFile; fileRef = E229B173215F0E1D0036422E /* BeersDataSource.swift */; };
		E229B17921601F310036422E /* ArrayDataProviderTests.swift in Sources */ = {isa = PBXBuildFile; fileRef = E229B17821601F310036422E /* ArrayDataProviderTests.swift */; };
		E22B45CF215837ED006B318B /* Result.swift in Sources */ = {isa = PBXBuildFile; fileRef = E22B45CE215837ED006B318B /* Result.swift */; };
		E22B45D121583822006B318B /* ServiceSetup.swift in Sources */ = {isa = PBXBuildFile; fileRef = E22B45D021583822006B318B /* ServiceSetup.swift */; };
		E22B45D421583AD8006B318B /* BeersInteractor.swift in Sources */ = {isa = PBXBuildFile; fileRef = E22B45D321583AD8006B318B /* BeersInteractor.swift */; };
		E22B45D621584655006B318B /* BeerDetailViewController.swift in Sources */ = {isa = PBXBuildFile; fileRef = E22B45D521584655006B318B /* BeerDetailViewController.swift */; };
		E22B45DE21585573006B318B /* BeersViewRouter.swift in Sources */ = {isa = PBXBuildFile; fileRef = E22B45DD21585573006B318B /* BeersViewRouter.swift */; };
		E22B45F6215895A0006B318B /* BeersInteractorTests.swift in Sources */ = {isa = PBXBuildFile; fileRef = E22B45F5215895A0006B318B /* BeersInteractorTests.swift */; };
		E25DD8C12159FA8F00717172 /* BeerGatewayMock.swift in Sources */ = {isa = PBXBuildFile; fileRef = E25DD8C02159FA8F00717172 /* BeerGatewayMock.swift */; };
		E25DD8C32159FADE00717172 /* BeerPresenterMock.swift in Sources */ = {isa = PBXBuildFile; fileRef = E25DD8C22159FADE00717172 /* BeerPresenterMock.swift */; };
		E25DD8C52159FB3600717172 /* BeerRouterMock.swift in Sources */ = {isa = PBXBuildFile; fileRef = E25DD8C42159FB3600717172 /* BeerRouterMock.swift */; };
		E2CA56FD21569C43005D2925 /* AppDelegate.swift in Sources */ = {isa = PBXBuildFile; fileRef = E2CA56FC21569C43005D2925 /* AppDelegate.swift */; };
		E2CA570421569C44005D2925 /* Assets.xcassets in Resources */ = {isa = PBXBuildFile; fileRef = E2CA570321569C44005D2925 /* Assets.xcassets */; };
		E2CA570721569C44005D2925 /* LaunchScreen.storyboard in Resources */ = {isa = PBXBuildFile; fileRef = E2CA570521569C44005D2925 /* LaunchScreen.storyboard */; };
		E2CA572021569CA2005D2925 /* BeerList.storyboard in Resources */ = {isa = PBXBuildFile; fileRef = E2CA571F21569CA2005D2925 /* BeerList.storyboard */; };
		E2CA572221569D40005D2925 /* BeerListViewController.swift in Sources */ = {isa = PBXBuildFile; fileRef = E2CA572121569D40005D2925 /* BeerListViewController.swift */; };
		E2CA57262156E0F6005D2925 /* BeerCollectionViewCell.swift in Sources */ = {isa = PBXBuildFile; fileRef = E2CA57252156E0F6005D2925 /* BeerCollectionViewCell.swift */; };
		E2CA57292156EF0F005D2925 /* BeerDetail.storyboard in Resources */ = {isa = PBXBuildFile; fileRef = E2CA57282156EF0F005D2925 /* BeerDetail.storyboard */; };
		E2CA572E2156F221005D2925 /* ServiceError.swift in Sources */ = {isa = PBXBuildFile; fileRef = E2CA572D2156F221005D2925 /* ServiceError.swift */; };
		E2CA57302156F258005D2925 /* BeersGateway.swift in Sources */ = {isa = PBXBuildFile; fileRef = E2CA572F2156F258005D2925 /* BeersGateway.swift */; };
		E2CA573221572BDB005D2925 /* Beer.swift in Sources */ = {isa = PBXBuildFile; fileRef = E2CA573121572BDB005D2925 /* Beer.swift */; };
		E2CA573F2157DB62005D2925 /* Service.swift in Sources */ = {isa = PBXBuildFile; fileRef = E2CA573E2157DB62005D2925 /* Service.swift */; };
/* End PBXBuildFile section */

/* Begin PBXContainerItemProxy section */
		E22B45EF2158954E006B318B /* PBXContainerItemProxy */ = {
			isa = PBXContainerItemProxy;
			containerPortal = E2CA56F121569C43005D2925 /* Project object */;
			proxyType = 1;
			remoteGlobalIDString = E2CA56F821569C43005D2925;
			remoteInfo = Appub;
		};
/* End PBXContainerItemProxy section */

/* Begin PBXFileReference section */
		13FC7ACF9B4E03907A246045 /* Pods-Appub.release.xcconfig */ = {isa = PBXFileReference; includeInIndex = 1; lastKnownFileType = text.xcconfig; name = "Pods-Appub.release.xcconfig"; path = "Pods/Target Support Files/Pods-Appub/Pods-Appub.release.xcconfig"; sourceTree = "<group>"; };
		426367C2215AB17800879143 /* BeerGatewayTests.swift */ = {isa = PBXFileReference; lastKnownFileType = sourcecode.swift; path = BeerGatewayTests.swift; sourceTree = "<group>"; };
		426367C5215AB46400879143 /* TestHelper.swift */ = {isa = PBXFileReference; lastKnownFileType = sourcecode.swift; path = TestHelper.swift; sourceTree = "<group>"; };
		426367C7215AB56E00879143 /* beer.json */ = {isa = PBXFileReference; fileEncoding = 4; lastKnownFileType = text.json; path = beer.json; sourceTree = "<group>"; };
		4BFA742D6425E5440C4401C5 /* Pods-AppubTests.debug.xcconfig */ = {isa = PBXFileReference; includeInIndex = 1; lastKnownFileType = text.xcconfig; name = "Pods-AppubTests.debug.xcconfig"; path = "Pods/Target Support Files/Pods-AppubTests/Pods-AppubTests.debug.xcconfig"; sourceTree = "<group>"; };
		5548DCAD7D29363C358BE071 /* Pods_Appub.framework */ = {isa = PBXFileReference; explicitFileType = wrapper.framework; includeInIndex = 0; path = Pods_Appub.framework; sourceTree = BUILT_PRODUCTS_DIR; };
		63983CB02D2F6ECA686018C7 /* Pods-AppubUnitTests.debug.xcconfig */ = {isa = PBXFileReference; includeInIndex = 1; lastKnownFileType = text.xcconfig; name = "Pods-AppubUnitTests.debug.xcconfig"; path = "Pods/Target Support Files/Pods-AppubUnitTests/Pods-AppubUnitTests.debug.xcconfig"; sourceTree = "<group>"; };
		B20DA3279CBE1559462CF4E4 /* Pods_AppubUnitTests.framework */ = {isa = PBXFileReference; explicitFileType = wrapper.framework; includeInIndex = 0; path = Pods_AppubUnitTests.framework; sourceTree = BUILT_PRODUCTS_DIR; };
		B69BFFBC65E7195303AD6706 /* Pods-AppubTests.release.xcconfig */ = {isa = PBXFileReference; includeInIndex = 1; lastKnownFileType = text.xcconfig; name = "Pods-AppubTests.release.xcconfig"; path = "Pods/Target Support Files/Pods-AppubTests/Pods-AppubTests.release.xcconfig"; sourceTree = "<group>"; };
		C313FA85CE1FAA39A5B1EE13 /* Pods-Appub.debug.xcconfig */ = {isa = PBXFileReference; includeInIndex = 1; lastKnownFileType = text.xcconfig; name = "Pods-Appub.debug.xcconfig"; path = "Pods/Target Support Files/Pods-Appub/Pods-Appub.debug.xcconfig"; sourceTree = "<group>"; };
		E206F3DB215B08CB002F5F61 /* ServiceMock.swift */ = {isa = PBXFileReference; lastKnownFileType = sourcecode.swift; path = ServiceMock.swift; sourceTree = "<group>"; };
		E229B162215F04F20036422E /* BeerDetailViewModel.swift */ = {isa = PBXFileReference; lastKnownFileType = sourcecode.swift; path = BeerDetailViewModel.swift; sourceTree = "<group>"; };
		E229B164215F06B50036422E /* BeerCollectionViewModel.swift */ = {isa = PBXFileReference; lastKnownFileType = sourcecode.swift; path = BeerCollectionViewModel.swift; sourceTree = "<group>"; };
		E229B167215F0A000036422E /* ConfigurableCell.swift */ = {isa = PBXFileReference; lastKnownFileType = sourcecode.swift; path = ConfigurableCell.swift; sourceTree = "<group>"; };
		E229B169215F0A360036422E /* ReusableCell.swift */ = {isa = PBXFileReference; lastKnownFileType = sourcecode.swift; path = ReusableCell.swift; sourceTree = "<group>"; };
		E229B16B215F0A830036422E /* CollectionDataProvider.swift */ = {isa = PBXFileReference; lastKnownFileType = sourcecode.swift; path = CollectionDataProvider.swift; sourceTree = "<group>"; };
		E229B16D215F0ABA0036422E /* CollectionDataSource.swift */ = {isa = PBXFileReference; lastKnownFileType = sourcecode.swift; path = CollectionDataSource.swift; sourceTree = "<group>"; };
		E229B16F215F0D3A0036422E /* ArrayDataProvider.swift */ = {isa = PBXFileReference; lastKnownFileType = sourcecode.swift; path = ArrayDataProvider.swift; sourceTree = "<group>"; };
		E229B171215F0D9A0036422E /* CollectionArrayDataSource.swift */ = {isa = PBXFileReference; lastKnownFileType = sourcecode.swift; path = CollectionArrayDataSource.swift; sourceTree = "<group>"; };
		E229B173215F0E1D0036422E /* BeersDataSource.swift */ = {isa = PBXFileReference; lastKnownFileType = sourcecode.swift; path = BeersDataSource.swift; sourceTree = "<group>"; };
		E229B17821601F310036422E /* ArrayDataProviderTests.swift */ = {isa = PBXFileReference; lastKnownFileType = sourcecode.swift; path = ArrayDataProviderTests.swift; sourceTree = "<group>"; };
		E22B45CE215837ED006B318B /* Result.swift */ = {isa = PBXFileReference; lastKnownFileType = sourcecode.swift; path = Result.swift; sourceTree = "<group>"; };
		E22B45D021583822006B318B /* ServiceSetup.swift */ = {isa = PBXFileReference; lastKnownFileType = sourcecode.swift; path = ServiceSetup.swift; sourceTree = "<group>"; };
		E22B45D321583AD8006B318B /* BeersInteractor.swift */ = {isa = PBXFileReference; lastKnownFileType = sourcecode.swift; path = BeersInteractor.swift; sourceTree = "<group>"; };
		E22B45D521584655006B318B /* BeerDetailViewController.swift */ = {isa = PBXFileReference; lastKnownFileType = sourcecode.swift; path = BeerDetailViewController.swift; sourceTree = "<group>"; };
		E22B45DD21585573006B318B /* BeersViewRouter.swift */ = {isa = PBXFileReference; lastKnownFileType = sourcecode.swift; path = BeersViewRouter.swift; sourceTree = "<group>"; };
		E22B45EA2158954E006B318B /* AppubUnitTests.xctest */ = {isa = PBXFileReference; explicitFileType = wrapper.cfbundle; includeInIndex = 0; path = AppubUnitTests.xctest; sourceTree = BUILT_PRODUCTS_DIR; };
		E22B45EE2158954E006B318B /* Info.plist */ = {isa = PBXFileReference; lastKnownFileType = text.plist.xml; path = Info.plist; sourceTree = "<group>"; };
		E22B45F5215895A0006B318B /* BeersInteractorTests.swift */ = {isa = PBXFileReference; lastKnownFileType = sourcecode.swift; path = BeersInteractorTests.swift; sourceTree = "<group>"; };
		E25DD8C02159FA8F00717172 /* BeerGatewayMock.swift */ = {isa = PBXFileReference; lastKnownFileType = sourcecode.swift; path = BeerGatewayMock.swift; sourceTree = "<group>"; };
		E25DD8C22159FADE00717172 /* BeerPresenterMock.swift */ = {isa = PBXFileReference; lastKnownFileType = sourcecode.swift; path = BeerPresenterMock.swift; sourceTree = "<group>"; };
		E25DD8C42159FB3600717172 /* BeerRouterMock.swift */ = {isa = PBXFileReference; lastKnownFileType = sourcecode.swift; path = BeerRouterMock.swift; sourceTree = "<group>"; };
		E2CA56F921569C43005D2925 /* Appub.app */ = {isa = PBXFileReference; explicitFileType = wrapper.application; includeInIndex = 0; path = Appub.app; sourceTree = BUILT_PRODUCTS_DIR; };
		E2CA56FC21569C43005D2925 /* AppDelegate.swift */ = {isa = PBXFileReference; lastKnownFileType = sourcecode.swift; path = AppDelegate.swift; sourceTree = "<group>"; };
		E2CA570321569C44005D2925 /* Assets.xcassets */ = {isa = PBXFileReference; lastKnownFileType = folder.assetcatalog; path = Assets.xcassets; sourceTree = "<group>"; };
		E2CA570621569C44005D2925 /* Base */ = {isa = PBXFileReference; lastKnownFileType = file.storyboard; name = Base; path = Base.lproj/LaunchScreen.storyboard; sourceTree = "<group>"; };
		E2CA570821569C44005D2925 /* Info.plist */ = {isa = PBXFileReference; lastKnownFileType = text.plist.xml; path = Info.plist; sourceTree = "<group>"; };
		E2CA571F21569CA2005D2925 /* BeerList.storyboard */ = {isa = PBXFileReference; lastKnownFileType = file.storyboard; path = BeerList.storyboard; sourceTree = "<group>"; };
		E2CA572121569D40005D2925 /* BeerListViewController.swift */ = {isa = PBXFileReference; lastKnownFileType = sourcecode.swift; path = BeerListViewController.swift; sourceTree = "<group>"; };
		E2CA57252156E0F6005D2925 /* BeerCollectionViewCell.swift */ = {isa = PBXFileReference; fileEncoding = 4; lastKnownFileType = sourcecode.swift; path = BeerCollectionViewCell.swift; sourceTree = "<group>"; };
		E2CA57282156EF0F005D2925 /* BeerDetail.storyboard */ = {isa = PBXFileReference; lastKnownFileType = file.storyboard; path = BeerDetail.storyboard; sourceTree = "<group>"; };
		E2CA572D2156F221005D2925 /* ServiceError.swift */ = {isa = PBXFileReference; lastKnownFileType = sourcecode.swift; path = ServiceError.swift; sourceTree = "<group>"; };
		E2CA572F2156F258005D2925 /* BeersGateway.swift */ = {isa = PBXFileReference; lastKnownFileType = sourcecode.swift; path = BeersGateway.swift; sourceTree = "<group>"; };
		E2CA573121572BDB005D2925 /* Beer.swift */ = {isa = PBXFileReference; lastKnownFileType = sourcecode.swift; path = Beer.swift; sourceTree = "<group>"; };
		E2CA573E2157DB62005D2925 /* Service.swift */ = {isa = PBXFileReference; lastKnownFileType = sourcecode.swift; path = Service.swift; sourceTree = "<group>"; };
		F4629235870A90FD4AE25B45 /* Pods_AppubTests.framework */ = {isa = PBXFileReference; explicitFileType = wrapper.framework; includeInIndex = 0; path = Pods_AppubTests.framework; sourceTree = BUILT_PRODUCTS_DIR; };
		FAA572B73B46839BE871872B /* Pods-AppubUnitTests.release.xcconfig */ = {isa = PBXFileReference; includeInIndex = 1; lastKnownFileType = text.xcconfig; name = "Pods-AppubUnitTests.release.xcconfig"; path = "Pods/Target Support Files/Pods-AppubUnitTests/Pods-AppubUnitTests.release.xcconfig"; sourceTree = "<group>"; };
/* End PBXFileReference section */

/* Begin PBXFrameworksBuildPhase section */
		E22B45E72158954E006B318B /* Frameworks */ = {
			isa = PBXFrameworksBuildPhase;
			buildActionMask = 2147483647;
			files = (
				544E4D347B58F1A23B725D8C /* Pods_AppubUnitTests.framework in Frameworks */,
			);
			runOnlyForDeploymentPostprocessing = 0;
		};
		E2CA56F621569C43005D2925 /* Frameworks */ = {
			isa = PBXFrameworksBuildPhase;
			buildActionMask = 2147483647;
			files = (
				155D2A33469FFD7DCEBD9713 /* Pods_Appub.framework in Frameworks */,
			);
			runOnlyForDeploymentPostprocessing = 0;
		};
/* End PBXFrameworksBuildPhase section */

/* Begin PBXGroup section */
		426367C1215AB15300879143 /* Gateway */ = {
			isa = PBXGroup;
			children = (
				426367C2215AB17800879143 /* BeerGatewayTests.swift */,
			);
			path = Gateway;
			sourceTree = "<group>";
		};
		7C8D3D527E69C63A7B94C9E9 /* Frameworks */ = {
			isa = PBXGroup;
			children = (
				5548DCAD7D29363C358BE071 /* Pods_Appub.framework */,
				F4629235870A90FD4AE25B45 /* Pods_AppubTests.framework */,
				B20DA3279CBE1559462CF4E4 /* Pods_AppubUnitTests.framework */,
			);
			name = Frameworks;
			sourceTree = "<group>";
		};
		D9A653F521F76F78E9989303 /* Pods */ = {
			isa = PBXGroup;
			children = (
				C313FA85CE1FAA39A5B1EE13 /* Pods-Appub.debug.xcconfig */,
				13FC7ACF9B4E03907A246045 /* Pods-Appub.release.xcconfig */,
				4BFA742D6425E5440C4401C5 /* Pods-AppubTests.debug.xcconfig */,
				B69BFFBC65E7195303AD6706 /* Pods-AppubTests.release.xcconfig */,
				63983CB02D2F6ECA686018C7 /* Pods-AppubUnitTests.debug.xcconfig */,
				FAA572B73B46839BE871872B /* Pods-AppubUnitTests.release.xcconfig */,
			);
			name = Pods;
			sourceTree = "<group>";
		};
		E229B166215F09D50036422E /* Data Source */ = {
			isa = PBXGroup;
			children = (
				E229B167215F0A000036422E /* ConfigurableCell.swift */,
				E229B169215F0A360036422E /* ReusableCell.swift */,
				E229B16B215F0A830036422E /* CollectionDataProvider.swift */,
				E229B16D215F0ABA0036422E /* CollectionDataSource.swift */,
				E229B16F215F0D3A0036422E /* ArrayDataProvider.swift */,
				E229B171215F0D9A0036422E /* CollectionArrayDataSource.swift */,
			);
			path = "Data Source";
			sourceTree = "<group>";
		};
		E229B17721601F030036422E /* Data Source */ = {
			isa = PBXGroup;
			children = (
				E229B17821601F310036422E /* ArrayDataProviderTests.swift */,
			);
			path = "Data Source";
			sourceTree = "<group>";
		};
		E22B45D921584A44006B318B /* Common */ = {
			isa = PBXGroup;
			children = (
				E2CA572F2156F258005D2925 /* BeersGateway.swift */,
				E22B45D321583AD8006B318B /* BeersInteractor.swift */,
				E22B45DD21585573006B318B /* BeersViewRouter.swift */,
			);
			path = Common;
			sourceTree = "<group>";
		};
		E22B45DA21584A7A006B318B /* Models */ = {
			isa = PBXGroup;
			children = (
				E2CA573121572BDB005D2925 /* Beer.swift */,
			);
			path = Models;
			sourceTree = "<group>";
		};
		E22B45EB2158954E006B318B /* AppubUnitTests */ = {
			isa = PBXGroup;
			children = (
				E229B17721601F030036422E /* Data Source */,
				426367C1215AB15300879143 /* Gateway */,
				E25DD8BF2159FA6F00717172 /* Mocks */,
				E22B45F42158955A006B318B /* Interactor */,
				E22B45EE2158954E006B318B /* Info.plist */,
				426367C5215AB46400879143 /* TestHelper.swift */,
			);
			path = AppubUnitTests;
			sourceTree = "<group>";
		};
		E22B45F42158955A006B318B /* Interactor */ = {
			isa = PBXGroup;
			children = (
				E22B45F5215895A0006B318B /* BeersInteractorTests.swift */,
			);
			path = Interactor;
			sourceTree = "<group>";
		};
		E25DD8BF2159FA6F00717172 /* Mocks */ = {
			isa = PBXGroup;
			children = (
				E25DD8C02159FA8F00717172 /* BeerGatewayMock.swift */,
				E25DD8C22159FADE00717172 /* BeerPresenterMock.swift */,
				E25DD8C42159FB3600717172 /* BeerRouterMock.swift */,
				E206F3DB215B08CB002F5F61 /* ServiceMock.swift */,
			);
			path = Mocks;
			sourceTree = "<group>";
		};
		E2CA56F021569C43005D2925 = {
			isa = PBXGroup;
			children = (
				E2CA56FB21569C43005D2925 /* Appub */,
				E22B45EB2158954E006B318B /* AppubUnitTests */,
				E2CA56FA21569C43005D2925 /* Products */,
				D9A653F521F76F78E9989303 /* Pods */,
				7C8D3D527E69C63A7B94C9E9 /* Frameworks */,
			);
			sourceTree = "<group>";
		};
		E2CA56FA21569C43005D2925 /* Products */ = {
			isa = PBXGroup;
			children = (
				E2CA56F921569C43005D2925 /* Appub.app */,
				E22B45EA2158954E006B318B /* AppubUnitTests.xctest */,
			);
			name = Products;
			sourceTree = "<group>";
		};
		E2CA56FB21569C43005D2925 /* Appub */ = {
			isa = PBXGroup;
			children = (
				E229B166215F09D50036422E /* Data Source */,
				E2CA571C21569C85005D2925 /* Features */,
				E2CA573521573FB7005D2925 /* Supporting Files */,
				E22B45DA21584A7A006B318B /* Models */,
				E2CA572A2156F17E005D2925 /* Network */,
			);
			path = Appub;
			sourceTree = "<group>";
		};
		E2CA571C21569C85005D2925 /* Features */ = {
			isa = PBXGroup;
			children = (
				E22B45D921584A44006B318B /* Common */,
				E2CA57272156EEFD005D2925 /* Beer Detail */,
				E2CA571D21569C8B005D2925 /* Beer List */,
			);
			path = Features;
			sourceTree = "<group>";
		};
		E2CA571D21569C8B005D2925 /* Beer List */ = {
			isa = PBXGroup;
			children = (
				E2CA571F21569CA2005D2925 /* BeerList.storyboard */,
				E2CA57252156E0F6005D2925 /* BeerCollectionViewCell.swift */,
				E2CA572121569D40005D2925 /* BeerListViewController.swift */,
				E229B164215F06B50036422E /* BeerCollectionViewModel.swift */,
				E229B173215F0E1D0036422E /* BeersDataSource.swift */,
			);
			path = "Beer List";
			sourceTree = "<group>";
		};
		E2CA57272156EEFD005D2925 /* Beer Detail */ = {
			isa = PBXGroup;
			children = (
				E2CA57282156EF0F005D2925 /* BeerDetail.storyboard */,
				E22B45D521584655006B318B /* BeerDetailViewController.swift */,
				E229B162215F04F20036422E /* BeerDetailViewModel.swift */,
			);
			path = "Beer Detail";
			sourceTree = "<group>";
		};
		E2CA572A2156F17E005D2925 /* Network */ = {
			isa = PBXGroup;
			children = (
				E2CA573E2157DB62005D2925 /* Service.swift */,
				E22B45D021583822006B318B /* ServiceSetup.swift */,
				E2CA572D2156F221005D2925 /* ServiceError.swift */,
				E22B45CE215837ED006B318B /* Result.swift */,
			);
			path = Network;
			sourceTree = "<group>";
		};
		E2CA573521573FB7005D2925 /* Supporting Files */ = {
			isa = PBXGroup;
			children = (
				426367C7215AB56E00879143 /* beer.json */,
				E2CA570821569C44005D2925 /* Info.plist */,
				E2CA56FC21569C43005D2925 /* AppDelegate.swift */,
				E2CA570321569C44005D2925 /* Assets.xcassets */,
				E2CA570521569C44005D2925 /* LaunchScreen.storyboard */,
			);
			path = "Supporting Files";
			sourceTree = "<group>";
		};
/* End PBXGroup section */

/* Begin PBXNativeTarget section */
		E22B45E92158954E006B318B /* AppubUnitTests */ = {
			isa = PBXNativeTarget;
			buildConfigurationList = E22B45F12158954E006B318B /* Build configuration list for PBXNativeTarget "AppubUnitTests" */;
			buildPhases = (
				B252868B99E3370EB16FF2EE /* [CP] Check Pods Manifest.lock */,
				E22B45E62158954E006B318B /* Sources */,
				E22B45E72158954E006B318B /* Frameworks */,
				E22B45E82158954E006B318B /* Resources */,
			);
			buildRules = (
			);
			dependencies = (
				E22B45F02158954E006B318B /* PBXTargetDependency */,
			);
			name = AppubUnitTests;
			productName = AppubUnitTests;
			productReference = E22B45EA2158954E006B318B /* AppubUnitTests.xctest */;
			productType = "com.apple.product-type.bundle.unit-test";
		};
		E2CA56F821569C43005D2925 /* Appub */ = {
			isa = PBXNativeTarget;
			buildConfigurationList = E2CA571621569C45005D2925 /* Build configuration list for PBXNativeTarget "Appub" */;
			buildPhases = (
				2AC68BE48AA4DF36FCE6A205 /* [CP] Check Pods Manifest.lock */,
				E2CA56F521569C43005D2925 /* Sources */,
				E2CA56F621569C43005D2925 /* Frameworks */,
				E2CA56F721569C43005D2925 /* Resources */,
				E0A7493C32FEFA2EE0265C29 /* [CP] Embed Pods Frameworks */,
			);
			buildRules = (
			);
			dependencies = (
			);
			name = Appub;
			productName = Appub;
			productReference = E2CA56F921569C43005D2925 /* Appub.app */;
			productType = "com.apple.product-type.application";
		};
/* End PBXNativeTarget section */

/* Begin PBXProject section */
		E2CA56F121569C43005D2925 /* Project object */ = {
			isa = PBXProject;
			attributes = {
				LastSwiftUpdateCheck = 0940;
				LastUpgradeCheck = 0940;
				ORGANIZATIONNAME = Raduj;
				TargetAttributes = {
					E22B45E92158954E006B318B = {
						CreatedOnToolsVersion = 9.4.1;
						TestTargetID = E2CA56F821569C43005D2925;
					};
					E2CA56F821569C43005D2925 = {
						CreatedOnToolsVersion = 9.4.1;
					};
				};
			};
			buildConfigurationList = E2CA56F421569C43005D2925 /* Build configuration list for PBXProject "Appub" */;
			compatibilityVersion = "Xcode 9.3";
			developmentRegion = en;
			hasScannedForEncodings = 0;
			knownRegions = (
				en,
				Base,
			);
			mainGroup = E2CA56F021569C43005D2925;
			productRefGroup = E2CA56FA21569C43005D2925 /* Products */;
			projectDirPath = "";
			projectRoot = "";
			targets = (
				E2CA56F821569C43005D2925 /* Appub */,
				E22B45E92158954E006B318B /* AppubUnitTests */,
			);
		};
/* End PBXProject section */

/* Begin PBXResourcesBuildPhase section */
		E22B45E82158954E006B318B /* Resources */ = {
			isa = PBXResourcesBuildPhase;
			buildActionMask = 2147483647;
			files = (
			);
			runOnlyForDeploymentPostprocessing = 0;
		};
		E2CA56F721569C43005D2925 /* Resources */ = {
			isa = PBXResourcesBuildPhase;
			buildActionMask = 2147483647;
			files = (
				426367C8215AB56E00879143 /* beer.json in Resources */,
				E2CA572021569CA2005D2925 /* BeerList.storyboard in Resources */,
				E2CA57292156EF0F005D2925 /* BeerDetail.storyboard in Resources */,
				E2CA570721569C44005D2925 /* LaunchScreen.storyboard in Resources */,
				E2CA570421569C44005D2925 /* Assets.xcassets in Resources */,
			);
			runOnlyForDeploymentPostprocessing = 0;
		};
/* End PBXResourcesBuildPhase section */

/* Begin PBXShellScriptBuildPhase section */
		2AC68BE48AA4DF36FCE6A205 /* [CP] Check Pods Manifest.lock */ = {
			isa = PBXShellScriptBuildPhase;
			buildActionMask = 2147483647;
			files = (
			);
			inputPaths = (
				"${PODS_PODFILE_DIR_PATH}/Podfile.lock",
				"${PODS_ROOT}/Manifest.lock",
			);
			name = "[CP] Check Pods Manifest.lock";
			outputPaths = (
				"$(DERIVED_FILE_DIR)/Pods-Appub-checkManifestLockResult.txt",
			);
			runOnlyForDeploymentPostprocessing = 0;
			shellPath = /bin/sh;
			shellScript = "diff \"${PODS_PODFILE_DIR_PATH}/Podfile.lock\" \"${PODS_ROOT}/Manifest.lock\" > /dev/null\nif [ $? != 0 ] ; then\n    # print error to STDERR\n    echo \"error: The sandbox is not in sync with the Podfile.lock. Run 'pod install' or update your CocoaPods installation.\" >&2\n    exit 1\nfi\n# This output is used by Xcode 'outputs' to avoid re-running this script phase.\necho \"SUCCESS\" > \"${SCRIPT_OUTPUT_FILE_0}\"\n";
			showEnvVarsInLog = 0;
		};
		B252868B99E3370EB16FF2EE /* [CP] Check Pods Manifest.lock */ = {
			isa = PBXShellScriptBuildPhase;
			buildActionMask = 2147483647;
			files = (
			);
			inputPaths = (
				"${PODS_PODFILE_DIR_PATH}/Podfile.lock",
				"${PODS_ROOT}/Manifest.lock",
			);
			name = "[CP] Check Pods Manifest.lock";
			outputPaths = (
				"$(DERIVED_FILE_DIR)/Pods-AppubUnitTests-checkManifestLockResult.txt",
			);
			runOnlyForDeploymentPostprocessing = 0;
			shellPath = /bin/sh;
			shellScript = "diff \"${PODS_PODFILE_DIR_PATH}/Podfile.lock\" \"${PODS_ROOT}/Manifest.lock\" > /dev/null\nif [ $? != 0 ] ; then\n    # print error to STDERR\n    echo \"error: The sandbox is not in sync with the Podfile.lock. Run 'pod install' or update your CocoaPods installation.\" >&2\n    exit 1\nfi\n# This output is used by Xcode 'outputs' to avoid re-running this script phase.\necho \"SUCCESS\" > \"${SCRIPT_OUTPUT_FILE_0}\"\n";
			showEnvVarsInLog = 0;
		};
		E0A7493C32FEFA2EE0265C29 /* [CP] Embed Pods Frameworks */ = {
			isa = PBXShellScriptBuildPhase;
			buildActionMask = 2147483647;
			files = (
			);
			inputPaths = (
				"${SRCROOT}/Pods/Target Support Files/Pods-Appub/Pods-Appub-frameworks.sh",
				"${BUILT_PRODUCTS_DIR}/Kingfisher/Kingfisher.framework",
				"${BUILT_PRODUCTS_DIR}/NVActivityIndicatorView/NVActivityIndicatorView.framework",
				"${BUILT_PRODUCTS_DIR}/ReachabilitySwift/Reachability.framework",
			);
			name = "[CP] Embed Pods Frameworks";
			outputPaths = (
				"${TARGET_BUILD_DIR}/${FRAMEWORKS_FOLDER_PATH}/Kingfisher.framework",
				"${TARGET_BUILD_DIR}/${FRAMEWORKS_FOLDER_PATH}/NVActivityIndicatorView.framework",
				"${TARGET_BUILD_DIR}/${FRAMEWORKS_FOLDER_PATH}/Reachability.framework",
			);
			runOnlyForDeploymentPostprocessing = 0;
			shellPath = /bin/sh;
			shellScript = "\"${SRCROOT}/Pods/Target Support Files/Pods-Appub/Pods-Appub-frameworks.sh\"\n";
			showEnvVarsInLog = 0;
		};
/* End PBXShellScriptBuildPhase section */

/* Begin PBXSourcesBuildPhase section */
		E22B45E62158954E006B318B /* Sources */ = {
			isa = PBXSourcesBuildPhase;
			buildActionMask = 2147483647;
			files = (
				E25DD8C52159FB3600717172 /* BeerRouterMock.swift in Sources */,
				E25DD8C32159FADE00717172 /* BeerPresenterMock.swift in Sources */,
				E25DD8C12159FA8F00717172 /* BeerGatewayMock.swift in Sources */,
				426367C6215AB46400879143 /* TestHelper.swift in Sources */,
				426367C3215AB17800879143 /* BeerGatewayTests.swift in Sources */,
				E22B45F6215895A0006B318B /* BeersInteractorTests.swift in Sources */,
				E229B17921601F310036422E /* ArrayDataProviderTests.swift in Sources */,
				E206F3DC215B08CB002F5F61 /* ServiceMock.swift in Sources */,
			);
			runOnlyForDeploymentPostprocessing = 0;
		};
		E2CA56F521569C43005D2925 /* Sources */ = {
			isa = PBXSourcesBuildPhase;
			buildActionMask = 2147483647;
			files = (
				E229B16A215F0A360036422E /* ReusableCell.swift in Sources */,
				E229B168215F0A000036422E /* ConfigurableCell.swift in Sources */,
				E229B16E215F0ABA0036422E /* CollectionDataSource.swift in Sources */,
				E2CA572E2156F221005D2925 /* ServiceError.swift in Sources */,
				E22B45D621584655006B318B /* BeerDetailViewController.swift in Sources */,
				E229B163215F04F20036422E /* BeerDetailViewModel.swift in Sources */,
				E2CA57262156E0F6005D2925 /* BeerCollectionViewCell.swift in Sources */,
				E2CA572221569D40005D2925 /* BeerListViewController.swift in Sources */,
				E229B174215F0E1D0036422E /* BeersDataSource.swift in Sources */,
				E229B172215F0D9A0036422E /* CollectionArrayDataSource.swift in Sources */,
				E2CA573221572BDB005D2925 /* Beer.swift in Sources */,
				E2CA573F2157DB62005D2925 /* Service.swift in Sources */,
				E22B45CF215837ED006B318B /* Result.swift in Sources */,
				E229B170215F0D3A0036422E /* ArrayDataProvider.swift in Sources */,
				E22B45D421583AD8006B318B /* BeersInteractor.swift in Sources */,
				E2CA57302156F258005D2925 /* BeersGateway.swift in Sources */,
				E229B165215F06B50036422E /* BeerCollectionViewModel.swift in Sources */,
				E22B45D121583822006B318B /* ServiceSetup.swift in Sources */,
				E229B16C215F0A830036422E /* CollectionDataProvider.swift in Sources */,
				E22B45DE21585573006B318B /* BeersViewRouter.swift in Sources */,
				E2CA56FD21569C43005D2925 /* AppDelegate.swift in Sources */,
			);
			runOnlyForDeploymentPostprocessing = 0;
		};
/* End PBXSourcesBuildPhase section */

/* Begin PBXTargetDependency section */
		E22B45F02158954E006B318B /* PBXTargetDependency */ = {
			isa = PBXTargetDependency;
			target = E2CA56F821569C43005D2925 /* Appub */;
			targetProxy = E22B45EF2158954E006B318B /* PBXContainerItemProxy */;
		};
/* End PBXTargetDependency section */

/* Begin PBXVariantGroup section */
		E2CA570521569C44005D2925 /* LaunchScreen.storyboard */ = {
			isa = PBXVariantGroup;
			children = (
				E2CA570621569C44005D2925 /* Base */,
			);
			name = LaunchScreen.storyboard;
			sourceTree = "<group>";
		};
/* End PBXVariantGroup section */

/* Begin XCBuildConfiguration section */
		E22B45F22158954E006B318B /* Debug */ = {
			isa = XCBuildConfiguration;
			baseConfigurationReference = 63983CB02D2F6ECA686018C7 /* Pods-AppubUnitTests.debug.xcconfig */;
			buildSettings = {
				BUNDLE_LOADER = "$(TEST_HOST)";
				CODE_SIGN_STYLE = Automatic;
				INFOPLIST_FILE = AppubUnitTests/Info.plist;
				LD_RUNPATH_SEARCH_PATHS = (
					"$(inherited)",
					"@executable_path/Frameworks",
					"@loader_path/Frameworks",
				);
				PRODUCT_BUNDLE_IDENTIFIER = br.com.raduj.AppubUnitTests;
				PRODUCT_NAME = "$(TARGET_NAME)";
				SWIFT_VERSION = 4.0;
				TARGETED_DEVICE_FAMILY = 1;
				TEST_HOST = "$(BUILT_PRODUCTS_DIR)/Appub.app/Appub";
			};
			name = Debug;
		};
		E22B45F32158954E006B318B /* Release */ = {
			isa = XCBuildConfiguration;
			baseConfigurationReference = FAA572B73B46839BE871872B /* Pods-AppubUnitTests.release.xcconfig */;
			buildSettings = {
				BUNDLE_LOADER = "$(TEST_HOST)";
				CODE_SIGN_STYLE = Automatic;
				INFOPLIST_FILE = AppubUnitTests/Info.plist;
				LD_RUNPATH_SEARCH_PATHS = (
					"$(inherited)",
					"@executable_path/Frameworks",
					"@loader_path/Frameworks",
				);
				PRODUCT_BUNDLE_IDENTIFIER = br.com.raduj.AppubUnitTests;
				PRODUCT_NAME = "$(TARGET_NAME)";
				SWIFT_VERSION = 4.0;
				TARGETED_DEVICE_FAMILY = 1;
				TEST_HOST = "$(BUILT_PRODUCTS_DIR)/Appub.app/Appub";
			};
			name = Release;
		};
		E2CA571421569C45005D2925 /* Debug */ = {
			isa = XCBuildConfiguration;
			buildSettings = {
				ALWAYS_SEARCH_USER_PATHS = NO;
				CLANG_ANALYZER_NONNULL = YES;
				CLANG_ANALYZER_NUMBER_OBJECT_CONVERSION = YES_AGGRESSIVE;
				CLANG_CXX_LANGUAGE_STANDARD = "gnu++14";
				CLANG_CXX_LIBRARY = "libc++";
				CLANG_ENABLE_MODULES = YES;
				CLANG_ENABLE_OBJC_ARC = YES;
				CLANG_ENABLE_OBJC_WEAK = YES;
				CLANG_WARN_BLOCK_CAPTURE_AUTORELEASING = YES;
				CLANG_WARN_BOOL_CONVERSION = YES;
				CLANG_WARN_COMMA = YES;
				CLANG_WARN_CONSTANT_CONVERSION = YES;
				CLANG_WARN_DEPRECATED_OBJC_IMPLEMENTATIONS = YES;
				CLANG_WARN_DIRECT_OBJC_ISA_USAGE = YES_ERROR;
				CLANG_WARN_DOCUMENTATION_COMMENTS = YES;
				CLANG_WARN_EMPTY_BODY = YES;
				CLANG_WARN_ENUM_CONVERSION = YES;
				CLANG_WARN_INFINITE_RECURSION = YES;
				CLANG_WARN_INT_CONVERSION = YES;
				CLANG_WARN_NON_LITERAL_NULL_CONVERSION = YES;
				CLANG_WARN_OBJC_IMPLICIT_RETAIN_SELF = YES;
				CLANG_WARN_OBJC_LITERAL_CONVERSION = YES;
				CLANG_WARN_OBJC_ROOT_CLASS = YES_ERROR;
				CLANG_WARN_RANGE_LOOP_ANALYSIS = YES;
				CLANG_WARN_STRICT_PROTOTYPES = YES;
				CLANG_WARN_SUSPICIOUS_MOVE = YES;
				CLANG_WARN_UNGUARDED_AVAILABILITY = YES_AGGRESSIVE;
				CLANG_WARN_UNREACHABLE_CODE = YES;
				CLANG_WARN__DUPLICATE_METHOD_MATCH = YES;
				CODE_SIGN_IDENTITY = "iPhone Developer";
				COPY_PHASE_STRIP = NO;
				DEBUG_INFORMATION_FORMAT = dwarf;
				ENABLE_STRICT_OBJC_MSGSEND = YES;
				ENABLE_TESTABILITY = YES;
				GCC_C_LANGUAGE_STANDARD = gnu11;
				GCC_DYNAMIC_NO_PIC = NO;
				GCC_NO_COMMON_BLOCKS = YES;
				GCC_OPTIMIZATION_LEVEL = 0;
				GCC_PREPROCESSOR_DEFINITIONS = (
					"DEBUG=1",
					"$(inherited)",
				);
				GCC_WARN_64_TO_32_BIT_CONVERSION = YES;
				GCC_WARN_ABOUT_RETURN_TYPE = YES_ERROR;
				GCC_WARN_UNDECLARED_SELECTOR = YES;
				GCC_WARN_UNINITIALIZED_AUTOS = YES_AGGRESSIVE;
				GCC_WARN_UNUSED_FUNCTION = YES;
				GCC_WARN_UNUSED_VARIABLE = YES;
				IPHONEOS_DEPLOYMENT_TARGET = 11.4;
				MTL_ENABLE_DEBUG_INFO = YES;
				ONLY_ACTIVE_ARCH = YES;
				SDKROOT = iphoneos;
				SWIFT_ACTIVE_COMPILATION_CONDITIONS = DEBUG;
				SWIFT_OPTIMIZATION_LEVEL = "-Onone";
			};
			name = Debug;
		};
		E2CA571521569C45005D2925 /* Release */ = {
			isa = XCBuildConfiguration;
			buildSettings = {
				ALWAYS_SEARCH_USER_PATHS = NO;
				CLANG_ANALYZER_NONNULL = YES;
				CLANG_ANALYZER_NUMBER_OBJECT_CONVERSION = YES_AGGRESSIVE;
				CLANG_CXX_LANGUAGE_STANDARD = "gnu++14";
				CLANG_CXX_LIBRARY = "libc++";
				CLANG_ENABLE_MODULES = YES;
				CLANG_ENABLE_OBJC_ARC = YES;
				CLANG_ENABLE_OBJC_WEAK = YES;
				CLANG_WARN_BLOCK_CAPTURE_AUTORELEASING = YES;
				CLANG_WARN_BOOL_CONVERSION = YES;
				CLANG_WARN_COMMA = YES;
				CLANG_WARN_CONSTANT_CONVERSION = YES;
				CLANG_WARN_DEPRECATED_OBJC_IMPLEMENTATIONS = YES;
				CLANG_WARN_DIRECT_OBJC_ISA_USAGE = YES_ERROR;
				CLANG_WARN_DOCUMENTATION_COMMENTS = YES;
				CLANG_WARN_EMPTY_BODY = YES;
				CLANG_WARN_ENUM_CONVERSION = YES;
				CLANG_WARN_INFINITE_RECURSION = YES;
				CLANG_WARN_INT_CONVERSION = YES;
				CLANG_WARN_NON_LITERAL_NULL_CONVERSION = YES;
				CLANG_WARN_OBJC_IMPLICIT_RETAIN_SELF = YES;
				CLANG_WARN_OBJC_LITERAL_CONVERSION = YES;
				CLANG_WARN_OBJC_ROOT_CLASS = YES_ERROR;
				CLANG_WARN_RANGE_LOOP_ANALYSIS = YES;
				CLANG_WARN_STRICT_PROTOTYPES = YES;
				CLANG_WARN_SUSPICIOUS_MOVE = YES;
				CLANG_WARN_UNGUARDED_AVAILABILITY = YES_AGGRESSIVE;
				CLANG_WARN_UNREACHABLE_CODE = YES;
				CLANG_WARN__DUPLICATE_METHOD_MATCH = YES;
				CODE_SIGN_IDENTITY = "iPhone Developer";
				COPY_PHASE_STRIP = NO;
				DEBUG_INFORMATION_FORMAT = "dwarf-with-dsym";
				ENABLE_NS_ASSERTIONS = NO;
				ENABLE_STRICT_OBJC_MSGSEND = YES;
				GCC_C_LANGUAGE_STANDARD = gnu11;
				GCC_NO_COMMON_BLOCKS = YES;
				GCC_WARN_64_TO_32_BIT_CONVERSION = YES;
				GCC_WARN_ABOUT_RETURN_TYPE = YES_ERROR;
				GCC_WARN_UNDECLARED_SELECTOR = YES;
				GCC_WARN_UNINITIALIZED_AUTOS = YES_AGGRESSIVE;
				GCC_WARN_UNUSED_FUNCTION = YES;
				GCC_WARN_UNUSED_VARIABLE = YES;
				IPHONEOS_DEPLOYMENT_TARGET = 11.4;
				MTL_ENABLE_DEBUG_INFO = NO;
				SDKROOT = iphoneos;
				SWIFT_COMPILATION_MODE = wholemodule;
				SWIFT_OPTIMIZATION_LEVEL = "-O";
				VALIDATE_PRODUCT = YES;
			};
			name = Release;
		};
		E2CA571721569C45005D2925 /* Debug */ = {
			isa = XCBuildConfiguration;
			baseConfigurationReference = C313FA85CE1FAA39A5B1EE13 /* Pods-Appub.debug.xcconfig */;
			buildSettings = {
				ASSETCATALOG_COMPILER_APPICON_NAME = AppIcon;
				CODE_SIGN_STYLE = Automatic;
				INFOPLIST_FILE = "$(SRCROOT)/Appub/Supporting Files/Info.plist";
				LD_RUNPATH_SEARCH_PATHS = (
					"$(inherited)",
					"@executable_path/Frameworks",
				);
				PRODUCT_BUNDLE_IDENTIFIER = br.com.raduj.Appub;
				PRODUCT_NAME = "$(TARGET_NAME)";
				SWIFT_VERSION = 4.0;
				TARGETED_DEVICE_FAMILY = 1;
			};
			name = Debug;
		};
		E2CA571821569C45005D2925 /* Release */ = {
			isa = XCBuildConfiguration;
			baseConfigurationReference = 13FC7ACF9B4E03907A246045 /* Pods-Appub.release.xcconfig */;
			buildSettings = {
				ASSETCATALOG_COMPILER_APPICON_NAME = AppIcon;
				CODE_SIGN_STYLE = Automatic;
				INFOPLIST_FILE = "$(SRCROOT)/Appub/Supporting Files/Info.plist";
				LD_RUNPATH_SEARCH_PATHS = (
					"$(inherited)",
					"@executable_path/Frameworks",
				);
				PRODUCT_BUNDLE_IDENTIFIER = br.com.raduj.Appub;
				PRODUCT_NAME = "$(TARGET_NAME)";
				SWIFT_VERSION = 4.0;
				TARGETED_DEVICE_FAMILY = 1;
			};
			name = Release;
		};
/* End XCBuildConfiguration section */

/* Begin XCConfigurationList section */
		E22B45F12158954E006B318B /* Build configuration list for PBXNativeTarget "AppubUnitTests" */ = {
			isa = XCConfigurationList;
			buildConfigurations = (
				E22B45F22158954E006B318B /* Debug */,
				E22B45F32158954E006B318B /* Release */,
			);
			defaultConfigurationIsVisible = 0;
			defaultConfigurationName = Release;
		};
		E2CA56F421569C43005D2925 /* Build configuration list for PBXProject "Appub" */ = {
			isa = XCConfigurationList;
			buildConfigurations = (
				E2CA571421569C45005D2925 /* Debug */,
				E2CA571521569C45005D2925 /* Release */,
			);
			defaultConfigurationIsVisible = 0;
			defaultConfigurationName = Release;
		};
		E2CA571621569C45005D2925 /* Build configuration list for PBXNativeTarget "Appub" */ = {
			isa = XCConfigurationList;
			buildConfigurations = (
				E2CA571721569C45005D2925 /* Debug */,
				E2CA571821569C45005D2925 /* Release */,
			);
			defaultConfigurationIsVisible = 0;
			defaultConfigurationName = Release;
		};
/* End XCConfigurationList section */
	};
	rootObject = E2CA56F121569C43005D2925 /* Project object */;
}
